
Microsoft Visual Studio Solution File, Format Version 12.00
# Visual Studio Version 17
VisualStudioVersion = 17.9.34714.143
MinimumVisualStudioVersion = 10.0.40219.1
Project("{2150E333-8FDC-42A3-9474-1A3956D46DE8}") = "src", "src", "{109D5EE0-E644-4C2B-A022-2E0B44CA81B3}"
EndProject
Project("{2150E333-8FDC-42A3-9474-1A3956D46DE8}") = "ReverseProxy", "ReverseProxy", "{1E1001C0-8258-40B1-B856-70B7C4CB9DD5}"
EndProject
Project("{2150E333-8FDC-42A3-9474-1A3956D46DE8}") = "Services", "Services", "{AD0C8488-6DC9-4F58-8F99-129B3E5052C3}"
EndProject
Project("{2150E333-8FDC-42A3-9474-1A3956D46DE8}") = "BuidingBlocks", "BuidingBlocks", "{317BDE40-AC51-4C44-861D-EA2BD5482E4C}"
EndProject
Project("{2150E333-8FDC-42A3-9474-1A3956D46DE8}") = "Commands", "Commands", "{8767F08E-9BA2-4290-8570-3DD32E1D05DC}"
EndProject
Project("{2150E333-8FDC-42A3-9474-1A3956D46DE8}") = "Queries", "Queries", "{8E2CA3FF-78EF-4B2C-B45A-D9E6376FC8EB}"
EndProject
Project("{2150E333-8FDC-42A3-9474-1A3956D46DE8}") = "Auth", "Auth", "{BB682AD0-C53E-420C-A393-AA8185C6B476}"
EndProject
Project("{9A19103F-16F7-4668-BE54-9A1E7A4F7556}") = "Auth.Api", "src\Services\Auth\Auth.Api\Auth.Api.csproj", "{C2A796C2-44E7-4038-B4EF-0738AD1700D7}"
EndProject
Project("{9A19103F-16F7-4668-BE54-9A1E7A4F7556}") = "MyDrive.Command.Application", "src\Services\Commands\MyDrive.Command.Application\MyDrive.Command.Application.csproj", "{D7EC0779-A99D-4574-9371-4E2C576446D1}"
EndProject
Project("{9A19103F-16F7-4668-BE54-9A1E7A4F7556}") = "MyDrive.Command.Domain", "src\Services\Commands\MyDrive.Command.Domain\MyDrive.Command.Domain.csproj", "{E1E232EF-86F5-47E1-A0D9-2EC23F711771}"
EndProject
Project("{9A19103F-16F7-4668-BE54-9A1E7A4F7556}") = "MyDrive.Command.Infrastructure", "src\Services\Commands\MyDrive.Command.Infrastructure\MyDrive.Command.Infrastructure.csproj", "{C94A73D2-B4AB-444F-B4DA-76632E85A9AB}"
EndProject
Project("{9A19103F-16F7-4668-BE54-9A1E7A4F7556}") = "MyDrive.Command.Persistence", "src\Services\Commands\MyDrive.Command.Persistence\MyDrive.Command.Persistence.csproj", "{FD81AC87-60B8-47AC-87AD-76B90BAB930F}"
EndProject
Project("{9A19103F-16F7-4668-BE54-9A1E7A4F7556}") = "MyDrive.Command.Presentation", "src\Services\Commands\MyDrive.Command.Presentation\MyDrive.Command.Presentation.csproj", "{8C5F5F86-78AB-4A1D-974B-6BA133C8DAA5}"
EndProject
Project("{2150E333-8FDC-42A3-9474-1A3956D46DE8}") = "Contract", "Contract", "{78817A4C-CEC6-4C67-AC5E-EAFC49453173}"
EndProject
Project("{9A19103F-16F7-4668-BE54-9A1E7A4F7556}") = "MyDrive.BuidingBlock.Contract", "src\BuidingBlocks\MyDrive.BuidingBlock.Contract\MyDrive.BuidingBlock.Contract.csproj", "{9E8F9E9F-7424-4EAE-9067-A3871BECE189}"
EndProject
Project("{2150E333-8FDC-42A3-9474-1A3956D46DE8}") = "Solution Items", "Solution Items", "{6120A403-4E67-46B9-9373-B90E409273D4}"
	ProjectSection(SolutionItems) = preProject
		docker-compose.Dev.Infrastructure.yaml = docker-compose.Dev.Infrastructure.yaml
		README.md = README.md
	EndProjectSection
EndProject
Project("{9A19103F-16F7-4668-BE54-9A1E7A4F7556}") = "MyDrive.Query.Api", "src\Services\Queries\MyDrive.Query.Api\MyDrive.Query.Api.csproj", "{26962FF7-382F-44BC-AE1C-8EA89F2548D8}"
EndProject
Project("{9A19103F-16F7-4668-BE54-9A1E7A4F7556}") = "MyDrive.Query.Persistence", "src\Services\Queries\MyDrive.Query.Persistence\MyDrive.Query.Persistence.csproj", "{2B1C3CF4-EC1A-42C0-9471-17CD5CF4961F}"
EndProject
Project("{9A19103F-16F7-4668-BE54-9A1E7A4F7556}") = "MyDrive.Query.Application", "src\Services\Queries\MyDrive.Query.Application\MyDrive.Query.Application.csproj", "{231D8A9C-BC1B-4BBD-B27E-AB510C0BC96B}"
EndProject
Project("{9A19103F-16F7-4668-BE54-9A1E7A4F7556}") = "MyDrive.Query.Infrastructure", "src\Services\Queries\MyDrive.Query.Infrastructure\MyDrive.Query.Infrastructure.csproj", "{F84F982B-744B-4A2A-BE3E-2DD25BB84648}"
EndProject
Project("{9A19103F-16F7-4668-BE54-9A1E7A4F7556}") = "MyDrive.Query.Presentation", "src\Services\Queries\MyDrive.Query.Presentation\MyDrive.Query.Presentation.csproj", "{7B57D715-FA47-4C56-8808-F767ABD227DD}"
EndProject
Project("{9A19103F-16F7-4668-BE54-9A1E7A4F7556}") = "MyDrive.Query.Domain", "src\Services\Queries\MyDrive.Query.Domain\MyDrive.Query.Domain.csproj", "{789A989D-CCC7-4915-A029-170FFFB320BB}"
EndProject
Project("{9A19103F-16F7-4668-BE54-9A1E7A4F7556}") = "ApiGateway", "src\ReverseProxy\ApiGateway\ApiGateway.csproj", "{EF22B76F-80F2-4C00-8332-25CC1E3CCE81}"
EndProject
Project("{2150E333-8FDC-42A3-9474-1A3956D46DE8}") = "FtpServer", "FtpServer", "{676749DD-B9E3-4C95-A8D3-E47ABB1966CA}"
EndProject
Project("{FAE04EC0-301F-11D3-BF4B-00C04F79EFBC}") = "MyDriver.BuildBlock.FTP", "src\BuidingBlocks\MyDriver.BuildBlock.FTP\MyDriver.BuildBlock.FTP.csproj", "{2B1291D7-9165-47F9-AE40-D1A7E1074126}"
EndProject
Project("{9A19103F-16F7-4668-BE54-9A1E7A4F7556}") = "MyDrive.Command.Api", "src\Services\Commands\MyDrive.Command.Api\MyDrive.Command.Api.csproj", "{E653464E-D69C-4996-9620-B856827183DE}"
EndProject
Global
	GlobalSection(SolutionConfigurationPlatforms) = preSolution
		Debug|Any CPU = Debug|Any CPU
		Release|Any CPU = Release|Any CPU
	EndGlobalSection
	GlobalSection(ProjectConfigurationPlatforms) = postSolution
		{C2A796C2-44E7-4038-B4EF-0738AD1700D7}.Debug|Any CPU.ActiveCfg = Debug|Any CPU
		{C2A796C2-44E7-4038-B4EF-0738AD1700D7}.Debug|Any CPU.Build.0 = Debug|Any CPU
		{C2A796C2-44E7-4038-B4EF-0738AD1700D7}.Release|Any CPU.ActiveCfg = Release|Any CPU
		{C2A796C2-44E7-4038-B4EF-0738AD1700D7}.Release|Any CPU.Build.0 = Release|Any CPU
		{D7EC0779-A99D-4574-9371-4E2C576446D1}.Debug|Any CPU.ActiveCfg = Debug|Any CPU
		{D7EC0779-A99D-4574-9371-4E2C576446D1}.Debug|Any CPU.Build.0 = Debug|Any CPU
		{D7EC0779-A99D-4574-9371-4E2C576446D1}.Release|Any CPU.ActiveCfg = Release|Any CPU
		{D7EC0779-A99D-4574-9371-4E2C576446D1}.Release|Any CPU.Build.0 = Release|Any CPU
		{E1E232EF-86F5-47E1-A0D9-2EC23F711771}.Debug|Any CPU.ActiveCfg = Debug|Any CPU
		{E1E232EF-86F5-47E1-A0D9-2EC23F711771}.Debug|Any CPU.Build.0 = Debug|Any CPU
		{E1E232EF-86F5-47E1-A0D9-2EC23F711771}.Release|Any CPU.ActiveCfg = Release|Any CPU
		{E1E232EF-86F5-47E1-A0D9-2EC23F711771}.Release|Any CPU.Build.0 = Release|Any CPU
		{C94A73D2-B4AB-444F-B4DA-76632E85A9AB}.Debug|Any CPU.ActiveCfg = Debug|Any CPU
		{C94A73D2-B4AB-444F-B4DA-76632E85A9AB}.Debug|Any CPU.Build.0 = Debug|Any CPU
		{C94A73D2-B4AB-444F-B4DA-76632E85A9AB}.Release|Any CPU.ActiveCfg = Release|Any CPU
		{C94A73D2-B4AB-444F-B4DA-76632E85A9AB}.Release|Any CPU.Build.0 = Release|Any CPU
		{FD81AC87-60B8-47AC-87AD-76B90BAB930F}.Debug|Any CPU.ActiveCfg = Debug|Any CPU
		{FD81AC87-60B8-47AC-87AD-76B90BAB930F}.Debug|Any CPU.Build.0 = Debug|Any CPU
		{FD81AC87-60B8-47AC-87AD-76B90BAB930F}.Release|Any CPU.ActiveCfg = Release|Any CPU
		{FD81AC87-60B8-47AC-87AD-76B90BAB930F}.Release|Any CPU.Build.0 = Release|Any CPU
		{8C5F5F86-78AB-4A1D-974B-6BA133C8DAA5}.Debug|Any CPU.ActiveCfg = Debug|Any CPU
		{8C5F5F86-78AB-4A1D-974B-6BA133C8DAA5}.Debug|Any CPU.Build.0 = Debug|Any CPU
		{8C5F5F86-78AB-4A1D-974B-6BA133C8DAA5}.Release|Any CPU.ActiveCfg = Release|Any CPU
		{8C5F5F86-78AB-4A1D-974B-6BA133C8DAA5}.Release|Any CPU.Build.0 = Release|Any CPU
		{9E8F9E9F-7424-4EAE-9067-A3871BECE189}.Debug|Any CPU.ActiveCfg = Debug|Any CPU
		{9E8F9E9F-7424-4EAE-9067-A3871BECE189}.Debug|Any CPU.Build.0 = Debug|Any CPU
		{9E8F9E9F-7424-4EAE-9067-A3871BECE189}.Release|Any CPU.ActiveCfg = Release|Any CPU
		{9E8F9E9F-7424-4EAE-9067-A3871BECE189}.Release|Any CPU.Build.0 = Release|Any CPU
		{26962FF7-382F-44BC-AE1C-8EA89F2548D8}.Debug|Any CPU.ActiveCfg = Debug|Any CPU
		{26962FF7-382F-44BC-AE1C-8EA89F2548D8}.Debug|Any CPU.Build.0 = Debug|Any CPU
		{26962FF7-382F-44BC-AE1C-8EA89F2548D8}.Release|Any CPU.ActiveCfg = Release|Any CPU
		{26962FF7-382F-44BC-AE1C-8EA89F2548D8}.Release|Any CPU.Build.0 = Release|Any CPU
		{2B1C3CF4-EC1A-42C0-9471-17CD5CF4961F}.Debug|Any CPU.ActiveCfg = Debug|Any CPU
		{2B1C3CF4-EC1A-42C0-9471-17CD5CF4961F}.Debug|Any CPU.Build.0 = Debug|Any CPU
		{2B1C3CF4-EC1A-42C0-9471-17CD5CF4961F}.Release|Any CPU.ActiveCfg = Release|Any CPU
		{2B1C3CF4-EC1A-42C0-9471-17CD5CF4961F}.Release|Any CPU.Build.0 = Release|Any CPU
		{231D8A9C-BC1B-4BBD-B27E-AB510C0BC96B}.Debug|Any CPU.ActiveCfg = Debug|Any CPU
		{231D8A9C-BC1B-4BBD-B27E-AB510C0BC96B}.Debug|Any CPU.Build.0 = Debug|Any CPU
		{231D8A9C-BC1B-4BBD-B27E-AB510C0BC96B}.Release|Any CPU.ActiveCfg = Release|Any CPU
		{231D8A9C-BC1B-4BBD-B27E-AB510C0BC96B}.Release|Any CPU.Build.0 = Release|Any CPU
		{F84F982B-744B-4A2A-BE3E-2DD25BB84648}.Debug|Any CPU.ActiveCfg = Debug|Any CPU
		{F84F982B-744B-4A2A-BE3E-2DD25BB84648}.Debug|Any CPU.Build.0 = Debug|Any CPU
		{F84F982B-744B-4A2A-BE3E-2DD25BB84648}.Release|Any CPU.ActiveCfg = Release|Any CPU
		{F84F982B-744B-4A2A-BE3E-2DD25BB84648}.Release|Any CPU.Build.0 = Release|Any CPU
		{7B57D715-FA47-4C56-8808-F767ABD227DD}.Debug|Any CPU.ActiveCfg = Debug|Any CPU
		{7B57D715-FA47-4C56-8808-F767ABD227DD}.Debug|Any CPU.Build.0 = Debug|Any CPU
		{7B57D715-FA47-4C56-8808-F767ABD227DD}.Release|Any CPU.ActiveCfg = Release|Any CPU
		{7B57D715-FA47-4C56-8808-F767ABD227DD}.Release|Any CPU.Build.0 = Release|Any CPU
		{789A989D-CCC7-4915-A029-170FFFB320BB}.Debug|Any CPU.ActiveCfg = Debug|Any CPU
		{789A989D-CCC7-4915-A029-170FFFB320BB}.Debug|Any CPU.Build.0 = Debug|Any CPU
		{789A989D-CCC7-4915-A029-170FFFB320BB}.Release|Any CPU.ActiveCfg = Release|Any CPU
		{789A989D-CCC7-4915-A029-170FFFB320BB}.Release|Any CPU.Build.0 = Release|Any CPU
		{EF22B76F-80F2-4C00-8332-25CC1E3CCE81}.Debug|Any CPU.ActiveCfg = Debug|Any CPU
		{EF22B76F-80F2-4C00-8332-25CC1E3CCE81}.Debug|Any CPU.Build.0 = Debug|Any CPU
		{EF22B76F-80F2-4C00-8332-25CC1E3CCE81}.Release|Any CPU.ActiveCfg = Release|Any CPU
		{EF22B76F-80F2-4C00-8332-25CC1E3CCE81}.Release|Any CPU.Build.0 = Release|Any CPU
		{2B1291D7-9165-47F9-AE40-D1A7E1074126}.Debug|Any CPU.ActiveCfg = Debug|Any CPU
		{2B1291D7-9165-47F9-AE40-D1A7E1074126}.Debug|Any CPU.Build.0 = Debug|Any CPU
		{2B1291D7-9165-47F9-AE40-D1A7E1074126}.Release|Any CPU.ActiveCfg = Release|Any CPU
		{2B1291D7-9165-47F9-AE40-D1A7E1074126}.Release|Any CPU.Build.0 = Release|Any CPU
		{E653464E-D69C-4996-9620-B856827183DE}.Debug|Any CPU.ActiveCfg = Debug|Any CPU
		{E653464E-D69C-4996-9620-B856827183DE}.Debug|Any CPU.Build.0 = Debug|Any CPU
		{E653464E-D69C-4996-9620-B856827183DE}.Release|Any CPU.ActiveCfg = Release|Any CPU
		{E653464E-D69C-4996-9620-B856827183DE}.Release|Any CPU.Build.0 = Release|Any CPU
	EndGlobalSection
	GlobalSection(SolutionProperties) = preSolution
		HideSolutionNode = FALSE
	EndGlobalSection
	GlobalSection(NestedProjects) = preSolution
		{1E1001C0-8258-40B1-B856-70B7C4CB9DD5} = {109D5EE0-E644-4C2B-A022-2E0B44CA81B3}
		{AD0C8488-6DC9-4F58-8F99-129B3E5052C3} = {109D5EE0-E644-4C2B-A022-2E0B44CA81B3}
		{317BDE40-AC51-4C44-861D-EA2BD5482E4C} = {109D5EE0-E644-4C2B-A022-2E0B44CA81B3}
		{8767F08E-9BA2-4290-8570-3DD32E1D05DC} = {AD0C8488-6DC9-4F58-8F99-129B3E5052C3}
		{8E2CA3FF-78EF-4B2C-B45A-D9E6376FC8EB} = {AD0C8488-6DC9-4F58-8F99-129B3E5052C3}
		{BB682AD0-C53E-420C-A393-AA8185C6B476} = {AD0C8488-6DC9-4F58-8F99-129B3E5052C3}
		{C2A796C2-44E7-4038-B4EF-0738AD1700D7} = {BB682AD0-C53E-420C-A393-AA8185C6B476}
		{D7EC0779-A99D-4574-9371-4E2C576446D1} = {8767F08E-9BA2-4290-8570-3DD32E1D05DC}
		{E1E232EF-86F5-47E1-A0D9-2EC23F711771} = {8767F08E-9BA2-4290-8570-3DD32E1D05DC}
		{C94A73D2-B4AB-444F-B4DA-76632E85A9AB} = {8767F08E-9BA2-4290-8570-3DD32E1D05DC}
		{FD81AC87-60B8-47AC-87AD-76B90BAB930F} = {8767F08E-9BA2-4290-8570-3DD32E1D05DC}
		{8C5F5F86-78AB-4A1D-974B-6BA133C8DAA5} = {8767F08E-9BA2-4290-8570-3DD32E1D05DC}
		{78817A4C-CEC6-4C67-AC5E-EAFC49453173} = {317BDE40-AC51-4C44-861D-EA2BD5482E4C}
		{9E8F9E9F-7424-4EAE-9067-A3871BECE189} = {78817A4C-CEC6-4C67-AC5E-EAFC49453173}
		{26962FF7-382F-44BC-AE1C-8EA89F2548D8} = {8E2CA3FF-78EF-4B2C-B45A-D9E6376FC8EB}
		{2B1C3CF4-EC1A-42C0-9471-17CD5CF4961F} = {8E2CA3FF-78EF-4B2C-B45A-D9E6376FC8EB}
		{231D8A9C-BC1B-4BBD-B27E-AB510C0BC96B} = {8E2CA3FF-78EF-4B2C-B45A-D9E6376FC8EB}
		{F84F982B-744B-4A2A-BE3E-2DD25BB84648} = {8E2CA3FF-78EF-4B2C-B45A-D9E6376FC8EB}
		{7B57D715-FA47-4C56-8808-F767ABD227DD} = {8E2CA3FF-78EF-4B2C-B45A-D9E6376FC8EB}
		{789A989D-CCC7-4915-A029-170FFFB320BB} = {8E2CA3FF-78EF-4B2C-B45A-D9E6376FC8EB}
		{EF22B76F-80F2-4C00-8332-25CC1E3CCE81} = {1E1001C0-8258-40B1-B856-70B7C4CB9DD5}
		{676749DD-B9E3-4C95-A8D3-E47ABB1966CA} = {317BDE40-AC51-4C44-861D-EA2BD5482E4C}
		{2B1291D7-9165-47F9-AE40-D1A7E1074126} = {676749DD-B9E3-4C95-A8D3-E47ABB1966CA}
		{E653464E-D69C-4996-9620-B856827183DE} = {8767F08E-9BA2-4290-8570-3DD32E1D05DC}
	EndGlobalSection
	GlobalSection(ExtensibilityGlobals) = postSolution
		SolutionGuid = {0CD51CF4-57B4-4F2D-AE87-083086FEDA63}
	EndGlobalSection
EndGlobal
